
Microsoft Visual Studio Solution File, Format Version 12.00
# Visual Studio Version 17
VisualStudioVersion = 17.5.33530.505
MinimumVisualStudioVersion = 10.0.40219.1
Project("{FAE04EC0-301F-11D3-BF4B-00C04F79EFBC}") = "MyProjectProfile", "MyProjectProfile.csproj", "{D92B5362-E705-42BB-9EAF-AE94F631D363}"
EndProject
Global
	GlobalSection(SolutionConfigurationPlatforms) = preSolution
		Debug|Any CPU = Debug|Any CPU
		Release|Any CPU = Release|Any CPU
	EndGlobalSection
	GlobalSection(ProjectConfigurationPlatforms) = postSolution
		{D92B5362-E705-42BB-9EAF-AE94F631D363}.Debug|Any CPU.ActiveCfg = Debug|Any CPU
		{D92B5362-E705-42BB-9EAF-AE94F631D363}.Debug|Any CPU.Build.0 = Debug|Any CPU
		{D92B5362-E705-42BB-9EAF-AE94F631D363}.Release|Any CPU.ActiveCfg = Release|Any CPU
		{D92B5362-E705-42BB-9EAF-AE94F631D363}.Release|Any CPU.Build.0 = Release|Any CPU
	EndGlobalSection
	GlobalSection(SolutionProperties) = preSolution
		HideSolutionNode = FALSE
	EndGlobalSection
	GlobalSection(ExtensibilityGlobals) = postSolution
		SolutionGuid = {A80C045E-1068-45C0-927F-DA5FE773E7A1}
	EndGlobalSection
EndGlobal
